{
  "name": "graph-protocol",
  "version": "1.0.0",
  "lockfileVersion": 1,
  "requires": true,
  "dependencies": {
    "assertion-error": {
      "version": "1.1.0",
      "resolved": "https://registry.npmjs.org/assertion-error/-/assertion-error-1.1.0.tgz",
      "integrity": "sha512-jgsaNduz+ndvGyFt3uSuWqvy4lCnIJiovtouQN5JZHOKCS2QuhEdbcQHFhVksz2N2U9hXJo8odG7ETyWlEeuDw=="
    },
    "truffle-assertions": {
      "version": "0.8.0",
      "resolved": "https://registry.npmjs.org/truffle-assertions/-/truffle-assertions-0.8.0.tgz",
      "integrity": "sha512-Yl99rj8s3/9RMvsCtBhrpYk+68tw+rPoGy4PDuI5FJJNpG89boDWS5ybyKSMD+JDTPjXJHwsILo6+OQAwGqYZg==",
      "requires": {
        "assertion-error": "^1.1.0"
      }
    }
  }
}
